// !$*UTF8*$!
{
	archiveVersion = 1;
	classes = {
	};
	objectVersion = 50;
	objects = {

/* Begin PBXBuildFile section */
		FBC732EC22BE9C2700691AFA /* VC1ViewController.swift in Sources */ = {isa = PBXBuildFile; fileRef = FBC732EB22BE9C2700691AFA /* VC1ViewController.swift */; };
		FBC732EE22BE9C3700691AFA /* VC2ViewController.swift in Sources */ = {isa = PBXBuildFile; fileRef = FBC732ED22BE9C3700691AFA /* VC2ViewController.swift */; };
		FBC732F022BEA9C300691AFA /* EmptySegue.swift in Sources */ = {isa = PBXBuildFile; fileRef = FBC732EF22BEA9C300691AFA /* EmptySegue.swift */; };
		FBC732F222BEAA6900691AFA /* MainViewController.swift in Sources */ = {isa = PBXBuildFile; fileRef = FBC732F122BEAA6900691AFA /* MainViewController.swift */; };
		FBD1EE4822BE986300021C7E /* AppDelegate.swift in Sources */ = {isa = PBXBuildFile; fileRef = FBD1EE4722BE986300021C7E /* AppDelegate.swift */; };
		FBD1EE4A22BE986300021C7E /* ViewController.swift in Sources */ = {isa = PBXBuildFile; fileRef = FBD1EE4922BE986300021C7E /* ViewController.swift */; };
		FBD1EE4D22BE986300021C7E /* Main.storyboard in Resources */ = {isa = PBXBuildFile; fileRef = FBD1EE4B22BE986300021C7E /* Main.storyboard */; };
		FBD1EE4F22BE986600021C7E /* Assets.xcassets in Resources */ = {isa = PBXBuildFile; fileRef = FBD1EE4E22BE986600021C7E /* Assets.xcassets */; };
		FBD1EE5222BE986600021C7E /* LaunchScreen.storyboard in Resources */ = {isa = PBXBuildFile; fileRef = FBD1EE5022BE986600021C7E /* LaunchScreen.storyboard */; };
		FBD1EE5D22BE986600021C7E /* POCContainerViewTests.swift in Sources */ = {isa = PBXBuildFile; fileRef = FBD1EE5C22BE986600021C7E /* POCContainerViewTests.swift */; };
		FBD1EE6822BE986600021C7E /* POCContainerViewUITests.swift in Sources */ = {isa = PBXBuildFile; fileRef = FBD1EE6722BE986600021C7E /* POCContainerViewUITests.swift */; };
		FBD1EE7B22BE98D200021C7E /* ContainerViewController.swift in Sources */ = {isa = PBXBuildFile; fileRef = FBD1EE7922BE98D200021C7E /* ContainerViewController.swift */; };
/* End PBXBuildFile section */

/* Begin PBXContainerItemProxy section */
		FBD1EE5922BE986600021C7E /* PBXContainerItemProxy */ = {
			isa = PBXContainerItemProxy;
			containerPortal = FBD1EE3C22BE986300021C7E /* Project object */;
			proxyType = 1;
			remoteGlobalIDString = FBD1EE4322BE986300021C7E;
			remoteInfo = POCContainerView;
		};
		FBD1EE6422BE986600021C7E /* PBXContainerItemProxy */ = {
			isa = PBXContainerItemProxy;
			containerPortal = FBD1EE3C22BE986300021C7E /* Project object */;
			proxyType = 1;
			remoteGlobalIDString = FBD1EE4322BE986300021C7E;
			remoteInfo = POCContainerView;
		};
/* End PBXContainerItemProxy section */

/* Begin PBXFileReference section */
		FBC732EB22BE9C2700691AFA /* VC1ViewController.swift */ = {isa = PBXFileReference; lastKnownFileType = sourcecode.swift; path = VC1ViewController.swift; sourceTree = "<group>"; };
		FBC732ED22BE9C3700691AFA /* VC2ViewController.swift */ = {isa = PBXFileReference; lastKnownFileType = sourcecode.swift; path = VC2ViewController.swift; sourceTree = "<group>"; };
		FBC732EF22BEA9C300691AFA /* EmptySegue.swift */ = {isa = PBXFileReference; lastKnownFileType = sourcecode.swift; path = EmptySegue.swift; sourceTree = "<group>"; };
		FBC732F122BEAA6900691AFA /* MainViewController.swift */ = {isa = PBXFileReference; lastKnownFileType = sourcecode.swift; name = MainViewController.swift; path = POCContainerView/Scenes/MainViewController.swift; sourceTree = SOURCE_ROOT; };
		FBD1EE4422BE986300021C7E /* POCContainerView.app */ = {isa = PBXFileReference; explicitFileType = wrapper.application; includeInIndex = 0; path = POCContainerView.app; sourceTree = BUILT_PRODUCTS_DIR; };
		FBD1EE4722BE986300021C7E /* AppDelegate.swift */ = {isa = PBXFileReference; lastKnownFileType = sourcecode.swift; path = AppDelegate.swift; sourceTree = "<group>"; };
		FBD1EE4922BE986300021C7E /* ViewController.swift */ = {isa = PBXFileReference; lastKnownFileType = sourcecode.swift; path = ViewController.swift; sourceTree = "<group>"; };
		FBD1EE4C22BE986300021C7E /* Base */ = {isa = PBXFileReference; lastKnownFileType = file.storyboard; name = Base; path = Base.lproj/Main.storyboard; sourceTree = "<group>"; };
		FBD1EE4E22BE986600021C7E /* Assets.xcassets */ = {isa = PBXFileReference; lastKnownFileType = folder.assetcatalog; path = Assets.xcassets; sourceTree = "<group>"; };
		FBD1EE5122BE986600021C7E /* Base */ = {isa = PBXFileReference; lastKnownFileType = file.storyboard; name = Base; path = Base.lproj/LaunchScreen.storyboard; sourceTree = "<group>"; };
		FBD1EE5322BE986600021C7E /* Info.plist */ = {isa = PBXFileReference; lastKnownFileType = text.plist.xml; path = Info.plist; sourceTree = "<group>"; };
		FBD1EE5822BE986600021C7E /* POCContainerViewTests.xctest */ = {isa = PBXFileReference; explicitFileType = wrapper.cfbundle; includeInIndex = 0; path = POCContainerViewTests.xctest; sourceTree = BUILT_PRODUCTS_DIR; };
		FBD1EE5C22BE986600021C7E /* POCContainerViewTests.swift */ = {isa = PBXFileReference; lastKnownFileType = sourcecode.swift; path = POCContainerViewTests.swift; sourceTree = "<group>"; };
		FBD1EE5E22BE986600021C7E /* Info.plist */ = {isa = PBXFileReference; lastKnownFileType = text.plist.xml; path = Info.plist; sourceTree = "<group>"; };
		FBD1EE6322BE986600021C7E /* POCContainerViewUITests.xctest */ = {isa = PBXFileReference; explicitFileType = wrapper.cfbundle; includeInIndex = 0; path = POCContainerViewUITests.xctest; sourceTree = BUILT_PRODUCTS_DIR; };
		FBD1EE6722BE986600021C7E /* POCContainerViewUITests.swift */ = {isa = PBXFileReference; lastKnownFileType = sourcecode.swift; path = POCContainerViewUITests.swift; sourceTree = "<group>"; };
		FBD1EE6922BE986600021C7E /* Info.plist */ = {isa = PBXFileReference; lastKnownFileType = text.plist.xml; path = Info.plist; sourceTree = "<group>"; };
		FBD1EE7922BE98D200021C7E /* ContainerViewController.swift */ = {isa = PBXFileReference; lastKnownFileType = sourcecode.swift; path = ContainerViewController.swift; sourceTree = "<group>"; };
/* End PBXFileReference section */

/* Begin PBXFrameworksBuildPhase section */
		FBD1EE4122BE986300021C7E /* Frameworks */ = {
			isa = PBXFrameworksBuildPhase;
			buildActionMask = 2147483647;
			files = (
			);
			runOnlyForDeploymentPostprocessing = 0;
		};
		FBD1EE5522BE986600021C7E /* Frameworks */ = {
			isa = PBXFrameworksBuildPhase;
			buildActionMask = 2147483647;
			files = (
			);
			runOnlyForDeploymentPostprocessing = 0;
		};
		FBD1EE6022BE986600021C7E /* Frameworks */ = {
			isa = PBXFrameworksBuildPhase;
			buildActionMask = 2147483647;
			files = (
			);
			runOnlyForDeploymentPostprocessing = 0;
		};
/* End PBXFrameworksBuildPhase section */

/* Begin PBXGroup section */
		FBD1EE3B22BE986300021C7E = {
			isa = PBXGroup;
			children = (
				FBD1EE4622BE986300021C7E /* POCContainerView */,
				FBD1EE5B22BE986600021C7E /* POCContainerViewTests */,
				FBD1EE6622BE986600021C7E /* POCContainerViewUITests */,
				FBD1EE4522BE986300021C7E /* Products */,
			);
			sourceTree = "<group>";
		};
		FBD1EE4522BE986300021C7E /* Products */ = {
			isa = PBXGroup;
			children = (
				FBD1EE4422BE986300021C7E /* POCContainerView.app */,
				FBD1EE5822BE986600021C7E /* POCContainerViewTests.xctest */,
				FBD1EE6322BE986600021C7E /* POCContainerViewUITests.xctest */,
			);
			name = Products;
			sourceTree = "<group>";
		};
		FBD1EE4622BE986300021C7E /* POCContainerView */ = {
			isa = PBXGroup;
			children = (
				FBD1EE7622BE989200021C7E /* Scenes */,
				FBD1EE7522BE987200021C7E /* SupportFiles */,
				FBD1EE4722BE986300021C7E /* AppDelegate.swift */,
				FBD1EE4922BE986300021C7E /* ViewController.swift */,
			);
			path = POCContainerView;
			sourceTree = "<group>";
		};
		FBD1EE5B22BE986600021C7E /* POCContainerViewTests */ = {
			isa = PBXGroup;
			children = (
				FBD1EE5C22BE986600021C7E /* POCContainerViewTests.swift */,
				FBD1EE5E22BE986600021C7E /* Info.plist */,
			);
			path = POCContainerViewTests;
			sourceTree = "<group>";
		};
		FBD1EE6622BE986600021C7E /* POCContainerViewUITests */ = {
			isa = PBXGroup;
			children = (
				FBD1EE6722BE986600021C7E /* POCContainerViewUITests.swift */,
				FBD1EE6922BE986600021C7E /* Info.plist */,
			);
			path = POCContainerViewUITests;
			sourceTree = "<group>";
		};
		FBD1EE7522BE987200021C7E /* SupportFiles */ = {
			isa = PBXGroup;
			children = (
				FBD1EE4B22BE986300021C7E /* Main.storyboard */,
				FBD1EE5022BE986600021C7E /* LaunchScreen.storyboard */,
				FBD1EE5322BE986600021C7E /* Info.plist */,
				FBD1EE4E22BE986600021C7E /* Assets.xcassets */,
			);
			path = SupportFiles;
			sourceTree = "<group>";
		};
		FBD1EE7622BE989200021C7E /* Scenes */ = {
			isa = PBXGroup;
			children = (
				FBC732F122BEAA6900691AFA /* MainViewController.swift */,
				FBD1EE7722BE989F00021C7E /* ContainerView */,
				FBD1EE7822BE98AA00021C7E /* ChildViewController */,
			);
			path = Scenes;
			sourceTree = "<group>";
		};
		FBD1EE7722BE989F00021C7E /* ContainerView */ = {
			isa = PBXGroup;
			children = (
				FBD1EE7922BE98D200021C7E /* ContainerViewController.swift */,
				FBC732EF22BEA9C300691AFA /* EmptySegue.swift */,
			);
			path = ContainerView;
			sourceTree = "<group>";
		};
		FBD1EE7822BE98AA00021C7E /* ChildViewController */ = {
			isa = PBXGroup;
			children = (
				FBC732EB22BE9C2700691AFA /* VC1ViewController.swift */,
				FBC732ED22BE9C3700691AFA /* VC2ViewController.swift */,
			);
			path = ChildViewController;
			sourceTree = "<group>";
		};
/* End PBXGroup section */

/* Begin PBXNativeTarget section */
		FBD1EE4322BE986300021C7E /* POCContainerView */ = {
			isa = PBXNativeTarget;
			buildConfigurationList = FBD1EE6C22BE986600021C7E /* Build configuration list for PBXNativeTarget "POCContainerView" */;
			buildPhases = (
				FBD1EE4022BE986300021C7E /* Sources */,
				FBD1EE4122BE986300021C7E /* Frameworks */,
				FBD1EE4222BE986300021C7E /* Resources */,
			);
			buildRules = (
			);
			dependencies = (
			);
			name = POCContainerView;
			productName = POCContainerView;
			productReference = FBD1EE4422BE986300021C7E /* POCContainerView.app */;
			productType = "com.apple.product-type.application";
		};
		FBD1EE5722BE986600021C7E /* POCContainerViewTests */ = {
			isa = PBXNativeTarget;
			buildConfigurationList = FBD1EE6F22BE986600021C7E /* Build configuration list for PBXNativeTarget "POCContainerViewTests" */;
			buildPhases = (
				FBD1EE5422BE986600021C7E /* Sources */,
				FBD1EE5522BE986600021C7E /* Frameworks */,
				FBD1EE5622BE986600021C7E /* Resources */,
			);
			buildRules = (
			);
			dependencies = (
				FBD1EE5A22BE986600021C7E /* PBXTargetDependency */,
			);
			name = POCContainerViewTests;
			productName = POCContainerViewTests;
			productReference = FBD1EE5822BE986600021C7E /* POCContainerViewTests.xctest */;
			productType = "com.apple.product-type.bundle.unit-test";
		};
		FBD1EE6222BE986600021C7E /* POCContainerViewUITests */ = {
			isa = PBXNativeTarget;
			buildConfigurationList = FBD1EE7222BE986600021C7E /* Build configuration list for PBXNativeTarget "POCContainerViewUITests" */;
			buildPhases = (
				FBD1EE5F22BE986600021C7E /* Sources */,
				FBD1EE6022BE986600021C7E /* Frameworks */,
				FBD1EE6122BE986600021C7E /* Resources */,
			);
			buildRules = (
			);
			dependencies = (
				FBD1EE6522BE986600021C7E /* PBXTargetDependency */,
			);
			name = POCContainerViewUITests;
			productName = POCContainerViewUITests;
			productReference = FBD1EE6322BE986600021C7E /* POCContainerViewUITests.xctest */;
			productType = "com.apple.product-type.bundle.ui-testing";
		};
/* End PBXNativeTarget section */

/* Begin PBXProject section */
		FBD1EE3C22BE986300021C7E /* Project object */ = {
			isa = PBXProject;
			attributes = {
				LastSwiftUpdateCheck = 1010;
				LastUpgradeCheck = 1010;
				ORGANIZATIONNAME = "Apinun Wongintawang";
				TargetAttributes = {
					FBD1EE4322BE986300021C7E = {
						CreatedOnToolsVersion = 10.1;
					};
					FBD1EE5722BE986600021C7E = {
						CreatedOnToolsVersion = 10.1;
						TestTargetID = FBD1EE4322BE986300021C7E;
					};
					FBD1EE6222BE986600021C7E = {
						CreatedOnToolsVersion = 10.1;
						TestTargetID = FBD1EE4322BE986300021C7E;
					};
				};
			};
			buildConfigurationList = FBD1EE3F22BE986300021C7E /* Build configuration list for PBXProject "POCContainerView" */;
			compatibilityVersion = "Xcode 9.3";
			developmentRegion = en;
			hasScannedForEncodings = 0;
			knownRegions = (
				en,
				Base,
			);
			mainGroup = FBD1EE3B22BE986300021C7E;
			productRefGroup = FBD1EE4522BE986300021C7E /* Products */;
			projectDirPath = "";
			projectRoot = "";
			targets = (
				FBD1EE4322BE986300021C7E /* POCContainerView */,
				FBD1EE5722BE986600021C7E /* POCContainerViewTests */,
				FBD1EE6222BE986600021C7E /* POCContainerViewUITests */,
			);
		};
/* End PBXProject section */

/* Begin PBXResourcesBuildPhase section */
		FBD1EE4222BE986300021C7E /* Resources */ = {
			isa = PBXResourcesBuildPhase;
			buildActionMask = 2147483647;
			files = (
				FBD1EE5222BE986600021C7E /* LaunchScreen.storyboard in Resources */,
				FBD1EE4F22BE986600021C7E /* Assets.xcassets in Resources */,
				FBD1EE4D22BE986300021C7E /* Main.storyboard in Resources */,
			);
			runOnlyForDeploymentPostprocessing = 0;
		};
		FBD1EE5622BE986600021C7E /* Resources */ = {
			isa = PBXResourcesBuildPhase;
			buildActionMask = 2147483647;
			files = (
			);
			runOnlyForDeploymentPostprocessing = 0;
		};
		FBD1EE6122BE986600021C7E /* Resources */ = {
			isa = PBXResourcesBuildPhase;
			buildActionMask = 2147483647;
			files = (
			);
			runOnlyForDeploymentPostprocessing = 0;
		};
/* End PBXResourcesBuildPhase section */

/* Begin PBXSourcesBuildPhase section */
		FBD1EE4022BE986300021C7E /* Sources */ = {
			isa = PBXSourcesBuildPhase;
			buildActionMask = 2147483647;
			files = (
				FBC732F222BEAA6900691AFA /* MainViewController.swift in Sources */,
				FBD1EE7B22BE98D200021C7E /* ContainerViewController.swift in Sources */,
				FBD1EE4A22BE986300021C7E /* ViewController.swift in Sources */,
				FBD1EE4822BE986300021C7E /* AppDelegate.swift in Sources */,
				FBC732EE22BE9C3700691AFA /* VC2ViewController.swift in Sources */,
				FBC732EC22BE9C2700691AFA /* VC1ViewController.swift in Sources */,
				FBC732F022BEA9C300691AFA /* EmptySegue.swift in Sources */,
			);
			runOnlyForDeploymentPostprocessing = 0;
		};
		FBD1EE5422BE986600021C7E /* Sources */ = {
			isa = PBXSourcesBuildPhase;
			buildActionMask = 2147483647;
			files = (
				FBD1EE5D22BE986600021C7E /* POCContainerViewTests.swift in Sources */,
			);
			runOnlyForDeploymentPostprocessing = 0;
		};
		FBD1EE5F22BE986600021C7E /* Sources */ = {
			isa = PBXSourcesBuildPhase;
			buildActionMask = 2147483647;
			files = (
				FBD1EE6822BE986600021C7E /* POCContainerViewUITests.swift in Sources */,
			);
			runOnlyForDeploymentPostprocessing = 0;
		};
/* End PBXSourcesBuildPhase section */

/* Begin PBXTargetDependency section */
		FBD1EE5A22BE986600021C7E /* PBXTargetDependency */ = {
			isa = PBXTargetDependency;
			target = FBD1EE4322BE986300021C7E /* POCContainerView */;
			targetProxy = FBD1EE5922BE986600021C7E /* PBXContainerItemProxy */;
		};
		FBD1EE6522BE986600021C7E /* PBXTargetDependency */ = {
			isa = PBXTargetDependency;
			target = FBD1EE4322BE986300021C7E /* POCContainerView */;
			targetProxy = FBD1EE6422BE986600021C7E /* PBXContainerItemProxy */;
		};
/* End PBXTargetDependency section */

/* Begin PBXVariantGroup section */
		FBD1EE4B22BE986300021C7E /* Main.storyboard */ = {
			isa = PBXVariantGroup;
			children = (
				FBD1EE4C22BE986300021C7E /* Base */,
			);
			name = Main.storyboard;
			sourceTree = "<group>";
		};
		FBD1EE5022BE986600021C7E /* LaunchScreen.storyboard */ = {
			isa = PBXVariantGroup;
			children = (
				FBD1EE5122BE986600021C7E /* Base */,
			);
			name = LaunchScreen.storyboard;
			sourceTree = "<group>";
		};
/* End PBXVariantGroup section */

/* Begin XCBuildConfiguration section */
		FBD1EE6A22BE986600021C7E /* Debug */ = {
			isa = XCBuildConfiguration;
			buildSettings = {
				ALWAYS_SEARCH_USER_PATHS = NO;
				CLANG_ANALYZER_NONNULL = YES;
				CLANG_ANALYZER_NUMBER_OBJECT_CONVERSION = YES_AGGRESSIVE;
				CLANG_CXX_LANGUAGE_STANDARD = "gnu++14";
				CLANG_CXX_LIBRARY = "libc++";
				CLANG_ENABLE_MODULES = YES;
				CLANG_ENABLE_OBJC_ARC = YES;
				CLANG_ENABLE_OBJC_WEAK = YES;
				CLANG_WARN_BLOCK_CAPTURE_AUTORELEASING = YES;
				CLANG_WARN_BOOL_CONVERSION = YES;
				CLANG_WARN_COMMA = YES;
				CLANG_WARN_CONSTANT_CONVERSION = YES;
				CLANG_WARN_DEPRECATED_OBJC_IMPLEMENTATIONS = YES;
				CLANG_WARN_DIRECT_OBJC_ISA_USAGE = YES_ERROR;
				CLANG_WARN_DOCUMENTATION_COMMENTS = YES;
				CLANG_WARN_EMPTY_BODY = YES;
				CLANG_WARN_ENUM_CONVERSION = YES;
				CLANG_WARN_INFINITE_RECURSION = YES;
				CLANG_WARN_INT_CONVERSION = YES;
				CLANG_WARN_NON_LITERAL_NULL_CONVERSION = YES;
				CLANG_WARN_OBJC_IMPLICIT_RETAIN_SELF = YES;
				CLANG_WARN_OBJC_LITERAL_CONVERSION = YES;
				CLANG_WARN_OBJC_ROOT_CLASS = YES_ERROR;
				CLANG_WARN_RANGE_LOOP_ANALYSIS = YES;
				CLANG_WARN_STRICT_PROTOTYPES = YES;
				CLANG_WARN_SUSPICIOUS_MOVE = YES;
				CLANG_WARN_UNGUARDED_AVAILABILITY = YES_AGGRESSIVE;
				CLANG_WARN_UNREACHABLE_CODE = YES;
				CLANG_WARN__DUPLICATE_METHOD_MATCH = YES;
				CODE_SIGN_IDENTITY = "iPhone Developer";
				COPY_PHASE_STRIP = NO;
				DEBUG_INFORMATION_FORMAT = dwarf;
				ENABLE_STRICT_OBJC_MSGSEND = YES;
				ENABLE_TESTABILITY = YES;
				GCC_C_LANGUAGE_STANDARD = gnu11;
				GCC_DYNAMIC_NO_PIC = NO;
				GCC_NO_COMMON_BLOCKS = YES;
				GCC_OPTIMIZATION_LEVEL = 0;
				GCC_PREPROCESSOR_DEFINITIONS = (
					"DEBUG=1",
					"$(inherited)",
				);
				GCC_WARN_64_TO_32_BIT_CONVERSION = YES;
				GCC_WARN_ABOUT_RETURN_TYPE = YES_ERROR;
				GCC_WARN_UNDECLARED_SELECTOR = YES;
				GCC_WARN_UNINITIALIZED_AUTOS = YES_AGGRESSIVE;
				GCC_WARN_UNUSED_FUNCTION = YES;
				GCC_WARN_UNUSED_VARIABLE = YES;
				IPHONEOS_DEPLOYMENT_TARGET = 12.1;
				MTL_ENABLE_DEBUG_INFO = INCLUDE_SOURCE;
				MTL_FAST_MATH = YES;
				ONLY_ACTIVE_ARCH = YES;
				SDKROOT = iphoneos;
				SWIFT_ACTIVE_COMPILATION_CONDITIONS = DEBUG;
				SWIFT_OPTIMIZATION_LEVEL = "-Onone";
			};
			name = Debug;
		};
		FBD1EE6B22BE986600021C7E /* Release */ = {
			isa = XCBuildConfiguration;
			buildSettings = {
				ALWAYS_SEARCH_USER_PATHS = NO;
				CLANG_ANALYZER_NONNULL = YES;
				CLANG_ANALYZER_NUMBER_OBJECT_CONVERSION = YES_AGGRESSIVE;
				CLANG_CXX_LANGUAGE_STANDARD = "gnu++14";
				CLANG_CXX_LIBRARY = "libc++";
				CLANG_ENABLE_MODULES = YES;
				CLANG_ENABLE_OBJC_ARC = YES;
				CLANG_ENABLE_OBJC_WEAK = YES;
				CLANG_WARN_BLOCK_CAPTURE_AUTORELEASING = YES;
				CLANG_WARN_BOOL_CONVERSION = YES;
				CLANG_WARN_COMMA = YES;
				CLANG_WARN_CONSTANT_CONVERSION = YES;
				CLANG_WARN_DEPRECATED_OBJC_IMPLEMENTATIONS = YES;
				CLANG_WARN_DIRECT_OBJC_ISA_USAGE = YES_ERROR;
				CLANG_WARN_DOCUMENTATION_COMMENTS = YES;
				CLANG_WARN_EMPTY_BODY = YES;
				CLANG_WARN_ENUM_CONVERSION = YES;
				CLANG_WARN_INFINITE_RECURSION = YES;
				CLANG_WARN_INT_CONVERSION = YES;
				CLANG_WARN_NON_LITERAL_NULL_CONVERSION = YES;
				CLANG_WARN_OBJC_IMPLICIT_RETAIN_SELF = YES;
				CLANG_WARN_OBJC_LITERAL_CONVERSION = YES;
				CLANG_WARN_OBJC_ROOT_CLASS = YES_ERROR;
				CLANG_WARN_RANGE_LOOP_ANALYSIS = YES;
				CLANG_WARN_STRICT_PROTOTYPES = YES;
				CLANG_WARN_SUSPICIOUS_MOVE = YES;
				CLANG_WARN_UNGUARDED_AVAILABILITY = YES_AGGRESSIVE;
				CLANG_WARN_UNREACHABLE_CODE = YES;
				CLANG_WARN__DUPLICATE_METHOD_MATCH = YES;
				CODE_SIGN_IDENTITY = "iPhone Developer";
				COPY_PHASE_STRIP = NO;
				DEBUG_INFORMATION_FORMAT = "dwarf-with-dsym";
				ENABLE_NS_ASSERTIONS = NO;
				ENABLE_STRICT_OBJC_MSGSEND = YES;
				GCC_C_LANGUAGE_STANDARD = gnu11;
				GCC_NO_COMMON_BLOCKS = YES;
				GCC_WARN_64_TO_32_BIT_CONVERSION = YES;
				GCC_WARN_ABOUT_RETURN_TYPE = YES_ERROR;
				GCC_WARN_UNDECLARED_SELECTOR = YES;
				GCC_WARN_UNINITIALIZED_AUTOS = YES_AGGRESSIVE;
				GCC_WARN_UNUSED_FUNCTION = YES;
				GCC_WARN_UNUSED_VARIABLE = YES;
				IPHONEOS_DEPLOYMENT_TARGET = 12.1;
				MTL_ENABLE_DEBUG_INFO = NO;
				MTL_FAST_MATH = YES;
				SDKROOT = iphoneos;
				SWIFT_COMPILATION_MODE = wholemodule;
				SWIFT_OPTIMIZATION_LEVEL = "-O";
				VALIDATE_PRODUCT = YES;
			};
			name = Release;
		};
		FBD1EE6D22BE986600021C7E /* Debug */ = {
			isa = XCBuildConfiguration;
			buildSettings = {
				ASSETCATALOG_COMPILER_APPICON_NAME = AppIcon;
				CODE_SIGN_STYLE = Automatic;
				DEVELOPMENT_TEAM = L52U2QMKSA;
				INFOPLIST_FILE = POCContainerView/SupportFiles/Info.plist;
				LD_RUNPATH_SEARCH_PATHS = (
					"$(inherited)",
					"@executable_path/Frameworks",
				);
				PRODUCT_BUNDLE_IDENTIFIER = edu.smbz1.POCContainerView;
				PRODUCT_NAME = "$(TARGET_NAME)";
				SWIFT_VERSION = 4.2;
				TARGETED_DEVICE_FAMILY = "1,2";
			};
			name = Debug;
		};
		FBD1EE6E22BE986600021C7E /* Release */ = {
			isa = XCBuildConfiguration;
			buildSettings = {
				ASSETCATALOG_COMPILER_APPICON_NAME = AppIcon;
				CODE_SIGN_STYLE = Automatic;
				DEVELOPMENT_TEAM = L52U2QMKSA;
				INFOPLIST_FILE = POCContainerView/SupportFiles/Info.plist;
				LD_RUNPATH_SEARCH_PATHS = (
					"$(inherited)",
					"@executable_path/Frameworks",
				);
				PRODUCT_BUNDLE_IDENTIFIER = edu.smbz1.POCContainerView;
				PRODUCT_NAME = "$(TARGET_NAME)";
				SWIFT_VERSION = 4.2;
				TARGETED_DEVICE_FAMILY = "1,2";
			};
			name = Release;
		};
		FBD1EE7022BE986600021C7E /* Debug */ = {
			isa = XCBuildConfiguration;
			buildSettings = {
				ALWAYS_EMBED_SWIFT_STANDARD_LIBRARIES = YES;
				BUNDLE_LOADER = "$(TEST_HOST)";
				CODE_SIGN_STYLE = Automatic;
				DEVELOPMENT_TEAM = L52U2QMKSA;
				INFOPLIST_FILE = POCContainerViewTests/Info.plist;
				LD_RUNPATH_SEARCH_PATHS = (
					"$(inherited)",
					"@executable_path/Frameworks",
					"@loader_path/Frameworks",
				);
				PRODUCT_BUNDLE_IDENTIFIER = edu.smbz1.POCContainerViewTests;
				PRODUCT_NAME = "$(TARGET_NAME)";
				SWIFT_VERSION = 4.2;
				TARGETED_DEVICE_FAMILY = "1,2";
				TEST_HOST = "$(BUILT_PRODUCTS_DIR)/POCContainerView.app/POCContainerView";
			};
			name = Debug;
		};
		FBD1EE7122BE986600021C7E /* Release */ = {
			isa = XCBuildConfiguration;
			buildSettings = {
				ALWAYS_EMBED_SWIFT_STANDARD_LIBRARIES = YES;
				BUNDLE_LOADER = "$(TEST_HOST)";
				CODE_SIGN_STYLE = Automatic;
				DEVELOPMENT_TEAM = L52U2QMKSA;
				INFOPLIST_FILE = POCContainerViewTests/Info.plist;
				LD_RUNPATH_SEARCH_PATHS = (
					"$(inherited)",
					"@executable_path/Frameworks",
					"@loader_path/Frameworks",
				);
				PRODUCT_BUNDLE_IDENTIFIER = edu.smbz1.POCContainerViewTests;
				PRODUCT_NAME = "$(TARGET_NAME)";
				SWIFT_VERSION = 4.2;
				TARGETED_DEVICE_FAMILY = "1,2";
				TEST_HOST = "$(BUILT_PRODUCTS_DIR)/POCContainerView.app/POCContainerView";
			};
			name = Release;
		};
		FBD1EE7322BE986600021C7E /* Debug */ = {
			isa = XCBuildConfiguration;
			buildSettings = {
				ALWAYS_EMBED_SWIFT_STANDARD_LIBRARIES = YES;
				CODE_SIGN_STYLE = Automatic;
				DEVELOPMENT_TEAM = L52U2QMKSA;
				INFOPLIST_FILE = POCContainerViewUITests/Info.plist;
				LD_RUNPATH_SEARCH_PATHS = (
					"$(inherited)",
					"@executable_path/Frameworks",
					"@loader_path/Frameworks",
				);
				PRODUCT_BUNDLE_IDENTIFIER = edu.smbz1.POCContainerViewUITests;
				PRODUCT_NAME = "$(TARGET_NAME)";
				SWIFT_VERSION = 4.2;
				TARGETED_DEVICE_FAMILY = "1,2";
				TEST_TARGET_NAME = POCContainerView;
			};
			name = Debug;
		};
		FBD1EE7422BE986600021C7E /* Release */ = {
			isa = XCBuildConfiguration;
			buildSettings = {
				ALWAYS_EMBED_SWIFT_STANDARD_LIBRARIES = YES;
				CODE_SIGN_STYLE = Automatic;
				DEVELOPMENT_TEAM = L52U2QMKSA;
				INFOPLIST_FILE = POCContainerViewUITests/Info.plist;
				LD_RUNPATH_SEARCH_PATHS = (
					"$(inherited)",
					"@executable_path/Frameworks",
					"@loader_path/Frameworks",
				);
				PRODUCT_BUNDLE_IDENTIFIER = edu.smbz1.POCContainerViewUITests;
				PRODUCT_NAME = "$(TARGET_NAME)";
				SWIFT_VERSION = 4.2;
				TARGETED_DEVICE_FAMILY = "1,2";
				TEST_TARGET_NAME = POCContainerView;
			};
			name = Release;
		};
/* End XCBuildConfiguration section */

/* Begin XCConfigurationList section */
		FBD1EE3F22BE986300021C7E /* Build configuration list for PBXProject "POCContainerView" */ = {
			isa = XCConfigurationList;
			buildConfigurations = (
				FBD1EE6A22BE986600021C7E /* Debug */,
				FBD1EE6B22BE986600021C7E /* Release */,
			);
			defaultConfigurationIsVisible = 0;
			defaultConfigurationName = Release;
		};
		FBD1EE6C22BE986600021C7E /* Build configuration list for PBXNativeTarget "POCContainerView" */ = {
			isa = XCConfigurationList;
			buildConfigurations = (
				FBD1EE6D22BE986600021C7E /* Debug */,
				FBD1EE6E22BE986600021C7E /* Release */,
			);
			defaultConfigurationIsVisible = 0;
			defaultConfigurationName = Release;
		};
		FBD1EE6F22BE986600021C7E /* Build configuration list for PBXNativeTarget "POCContainerViewTests" */ = {
			isa = XCConfigurationList;
			buildConfigurations = (
				FBD1EE7022BE986600021C7E /* Debug */,
				FBD1EE7122BE986600021C7E /* Release */,
			);
			defaultConfigurationIsVisible = 0;
			defaultConfigurationName = Release;
		};
		FBD1EE7222BE986600021C7E /* Build configuration list for PBXNativeTarget "POCContainerViewUITests" */ = {
			isa = XCConfigurationList;
			buildConfigurations = (
				FBD1EE7322BE986600021C7E /* Debug */,
				FBD1EE7422BE986600021C7E /* Release */,
			);
			defaultConfigurationIsVisible = 0;
			defaultConfigurationName = Release;
		};
/* End XCConfigurationList section */
	};
	rootObject = FBD1EE3C22BE986300021C7E /* Project object */;
}
